
Microsoft Visual Studio Solution File, Format Version 12.00
# Visual Studio Version 17
VisualStudioVersion = 17.1.32319.34
MinimumVisualStudioVersion = 10.0.40219.1
Project("{9A19103F-16F7-4668-BE54-9A1E7A4F7556}") = "Base Installation", "Base Installation\Base Installation.csproj", "{2E00BE93-FD09-4F1C-B1F4-D126DA69AD5E}"
EndProject
Project("{FAE04EC0-301F-11D3-BF4B-00C04F79EFBC}") = "Extending", "Extending\Extending.csproj", "{A2E43A60-918A-4EF9-B5F9-2536BC1E2B80}"
EndProject
Project("{FAE04EC0-301F-11D3-BF4B-00C04F79EFBC}") = "Overriding", "Overriding\Overriding.csproj", "{A859BD35-CE36-44C4-964B-A4DFD413BB8B}"
EndProject
Project("{FAE04EC0-301F-11D3-BF4B-00C04F79EFBC}") = "Full Implementation Starting Point", "Full Implementation Starting Point\Full Implementation Starting Point.csproj", "{623F5256-CC93-46C0-B5CE-89FBE7173B52}"
EndProject
Project("{FAE04EC0-301F-11D3-BF4B-00C04F79EFBC}") = "EF Tenancy", "EF Tenancy\EF Tenancy.csproj", "{ABF4E659-7980-4405-B391-2B02751E1D4C}"
EndProject
Project("{FAE04EC0-301F-11D3-BF4B-00C04F79EFBC}") = "NoSQL Starting Point", "NoSQL Starting Point\NoSQL Starting Point.csproj", "{65BAE043-6364-49FF-8883-FEAA21F0DAB0}"
EndProject
Global
	GlobalSection(SolutionConfigurationPlatforms) = preSolution
		Debug|Any CPU = Debug|Any CPU
		Release|Any CPU = Release|Any CPU
	EndGlobalSection
	GlobalSection(ProjectConfigurationPlatforms) = postSolution
		{2E00BE93-FD09-4F1C-B1F4-D126DA69AD5E}.Debug|Any CPU.ActiveCfg = Debug|Any CPU
		{2E00BE93-FD09-4F1C-B1F4-D126DA69AD5E}.Debug|Any CPU.Build.0 = Debug|Any CPU
		{2E00BE93-FD09-4F1C-B1F4-D126DA69AD5E}.Release|Any CPU.ActiveCfg = Release|Any CPU
		{2E00BE93-FD09-4F1C-B1F4-D126DA69AD5E}.Release|Any CPU.Build.0 = Release|Any CPU
		{A2E43A60-918A-4EF9-B5F9-2536BC1E2B80}.Debug|Any CPU.ActiveCfg = Debug|Any CPU
		{A2E43A60-918A-4EF9-B5F9-2536BC1E2B80}.Debug|Any CPU.Build.0 = Debug|Any CPU
		{A2E43A60-918A-4EF9-B5F9-2536BC1E2B80}.Release|Any CPU.ActiveCfg = Release|Any CPU
		{A2E43A60-918A-4EF9-B5F9-2536BC1E2B80}.Release|Any CPU.Build.0 = Release|Any CPU
		{A859BD35-CE36-44C4-964B-A4DFD413BB8B}.Debug|Any CPU.ActiveCfg = Debug|Any CPU
		{A859BD35-CE36-44C4-964B-A4DFD413BB8B}.Debug|Any CPU.Build.0 = Debug|Any CPU
		{A859BD35-CE36-44C4-964B-A4DFD413BB8B}.Release|Any CPU.ActiveCfg = Release|Any CPU
		{A859BD35-CE36-44C4-964B-A4DFD413BB8B}.Release|Any CPU.Build.0 = Release|Any CPU
		{623F5256-CC93-46C0-B5CE-89FBE7173B52}.Debug|Any CPU.ActiveCfg = Debug|Any CPU
		{623F5256-CC93-46C0-B5CE-89FBE7173B52}.Debug|Any CPU.Build.0 = Debug|Any CPU
		{623F5256-CC93-46C0-B5CE-89FBE7173B52}.Release|Any CPU.ActiveCfg = Release|Any CPU
		{623F5256-CC93-46C0-B5CE-89FBE7173B52}.Release|Any CPU.Build.0 = Release|Any CPU
		{ABF4E659-7980-4405-B391-2B02751E1D4C}.Debug|Any CPU.ActiveCfg = Debug|Any CPU
		{ABF4E659-7980-4405-B391-2B02751E1D4C}.Debug|Any CPU.Build.0 = Debug|Any CPU
		{ABF4E659-7980-4405-B391-2B02751E1D4C}.Release|Any CPU.ActiveCfg = Release|Any CPU
		{ABF4E659-7980-4405-B391-2B02751E1D4C}.Release|Any CPU.Build.0 = Release|Any CPU
		{65BAE043-6364-49FF-8883-FEAA21F0DAB0}.Debug|Any CPU.ActiveCfg = Debug|Any CPU
		{65BAE043-6364-49FF-8883-FEAA21F0DAB0}.Debug|Any CPU.Build.0 = Debug|Any CPU
		{65BAE043-6364-49FF-8883-FEAA21F0DAB0}.Release|Any CPU.ActiveCfg = Release|Any CPU
		{65BAE043-6364-49FF-8883-FEAA21F0DAB0}.Release|Any CPU.Build.0 = Release|Any CPU
	EndGlobalSection
	GlobalSection(SolutionProperties) = preSolution
		HideSolutionNode = FALSE
	EndGlobalSection
	GlobalSection(ExtensibilityGlobals) = postSolution
		SolutionGuid = {90B7CF37-6873-4237-B75F-2781E14B9982}
	EndGlobalSection
	GlobalSection(NestedProjects) = preSolution
	EndGlobalSection
EndGlobal
